
Microsoft Visual Studio Solution File, Format Version 12.00
# Visual Studio Version 16
VisualStudioVersion = 16.0.33423.256
MinimumVisualStudioVersion = 10.0.40219.1
Project("{9A19103F-16F7-4668-BE54-9A1E7A4F7556}") = "BlogWebsite", "BlogWebsite\BlogWebsite.csproj", "{C18EB08D-6F93-47A3-8DE2-81A322C19823}"
EndProject
Global
	GlobalSection(SolutionConfigurationPlatforms) = preSolution
		Debug|Any CPU = Debug|Any CPU
		Release|Any CPU = Release|Any CPU
	EndGlobalSection
	GlobalSection(ProjectConfigurationPlatforms) = postSolution
		{C18EB08D-6F93-47A3-8DE2-81A322C19823}.Debug|Any CPU.ActiveCfg = Debug|Any CPU
		{C18EB08D-6F93-47A3-8DE2-81A322C19823}.Debug|Any CPU.Build.0 = Debug|Any CPU
		{C18EB08D-6F93-47A3-8DE2-81A322C19823}.Release|Any CPU.ActiveCfg = Release|Any CPU
		{C18EB08D-6F93-47A3-8DE2-81A322C19823}.Release|Any CPU.Build.0 = Release|Any CPU
	EndGlobalSection
	GlobalSection(SolutionProperties) = preSolution
		HideSolutionNode = FALSE
	EndGlobalSection
	GlobalSection(ExtensibilityGlobals) = postSolution
		SolutionGuid = {5A6480BA-1323-4790-BFC0-CBE21CE3F245}
	EndGlobalSection
EndGlobal
